<?xml version="1.0" encoding="utf-8"?>
<Project ToolsVersion="16.0" xmlns="http://schemas.microsoft.com/developer/msbuild/2003">
  <ItemGroup>
    <ClCompile Include="C:\bullet3-2.89\src\BulletInverseDynamics\IDMath.cpp">
      <Filter>Source Files</Filter>
    </ClCompile>
    <ClCompile Include="C:\bullet3-2.89\src\BulletInverseDynamics\MultiBodyTree.cpp">
      <Filter>Source Files</Filter>
    </ClCompile>
    <ClCompile Include="C:\bullet3-2.89\src\BulletInverseDynamics\details\MultiBodyTreeInitCache.cpp">
      <Filter>Source Files</Filter>
    </ClCompile>
    <ClCompile Include="C:\bullet3-2.89\src\BulletInverseDynamics\details\MultiBodyTreeImpl.cpp">
      <Filter>Source Files</Filter>
    </ClCompile>
  </ItemGroup>
  <ItemGroup>
    <ClInclude Include="C:\bullet3-2.89\src\BulletInverseDynamics\IDConfig.hpp">
      <Filter>Header Files</Filter>
    </ClInclude>
    <ClInclude Include="C:\bullet3-2.89\src\BulletInverseDynamics\IDConfigEigen.hpp">
      <Filter>Header Files</Filter>
    </ClInclude>
    <ClInclude Include="C:\bullet3-2.89\src\BulletInverseDynamics\IDMath.hpp">
      <Filter>Header Files</Filter>
    </ClInclude>
    <ClInclude Include="C:\bullet3-2.89\src\BulletInverseDynamics\IDConfigBuiltin.hpp">
      <Filter>Header Files</Filter>
    </ClInclude>
    <ClInclude Include="C:\bullet3-2.89\src\BulletInverseDynamics\IDErrorMessages.hpp">
      <Filter>Header Files</Filter>
    </ClInclude>
    <ClInclude Include="C:\bullet3-2.89\src\BulletInverseDynamics\MultiBodyTree.hpp">
      <Filter>Header Files</Filter>
    </ClInclude>
    <ClInclude Include="C:\bullet3-2.89\src\BulletInverseDynamics\details\IDEigenInterface.hpp">
      <Filter>Header Files</Filter>
    </ClInclude>
    <ClInclude Include="C:\bullet3-2.89\src\BulletInverseDynamics\details\IDMatVec.hpp">
      <Filter>Header Files</Filter>
    </ClInclude>
    <ClInclude Include="C:\bullet3-2.89\src\BulletInverseDynamics\details\IDLinearMathInterface.hpp">
      <Filter>Header Files</Filter>
    </ClInclude>
    <ClInclude Include="C:\bullet3-2.89\src\BulletInverseDynamics\details\MultiBodyTreeImpl.hpp">
      <Filter>Header Files</Filter>
    </ClInclude>
    <ClInclude Include="C:\bullet3-2.89\src\BulletInverseDynamics\details\MultiBodyTreeInitCache.hpp">
      <Filter>Header Files</Filter>
    </ClInclude>
  </ItemGroup>
  <ItemGroup>
    <CustomBuild Include="C:\bullet3-2.89\src\BulletInverseDynamics\CMakeLists.txt" />
  </ItemGroup>
  <ItemGroup>
    <Filter Include="Header Files">
      <UniqueIdentifier>{AE9EA30A-515C-3518-8ABD-D98523455B52}</UniqueIdentifier>
    </Filter>
    <Filter Include="Source Files">
      <UniqueIdentifier>{9A212962-F767-30C1-8773-4D17A7DE395B}</UniqueIdentifier>
    </Filter>
  </ItemGroup>
</Project>
